
Microsoft Visual Studio Solution File, Format Version 12.00
# Visual Studio Version 16
VisualStudioVersion = 16.0.31624.102
MinimumVisualStudioVersion = 10.0.40219.1
Project("{9A19103F-16F7-4668-BE54-9A1E7A4F7556}") = "Tests", "Tests\Tests.csproj", "{11989311-2B1A-43BF-92DD-5122131802C8}"
EndProject
Project("{9A19103F-16F7-4668-BE54-9A1E7A4F7556}") = "Selenium_TestFrameWork", "Selenium_TestFrameWork\Selenium_TestFrameWork.csproj", "{4F2C3E9C-5FA5-42E6-A788-CB54DE989D51}"
EndProject
Global
	GlobalSection(SolutionConfigurationPlatforms) = preSolution
		Debug|Any CPU = Debug|Any CPU
		Release|Any CPU = Release|Any CPU
	EndGlobalSection
	GlobalSection(ProjectConfigurationPlatforms) = postSolution
		{11989311-2B1A-43BF-92DD-5122131802C8}.Debug|Any CPU.ActiveCfg = Debug|Any CPU
		{11989311-2B1A-43BF-92DD-5122131802C8}.Debug|Any CPU.Build.0 = Debug|Any CPU
		{11989311-2B1A-43BF-92DD-5122131802C8}.Release|Any CPU.ActiveCfg = Release|Any CPU
		{11989311-2B1A-43BF-92DD-5122131802C8}.Release|Any CPU.Build.0 = Release|Any CPU
		{4F2C3E9C-5FA5-42E6-A788-CB54DE989D51}.Debug|Any CPU.ActiveCfg = Debug|Any CPU
		{4F2C3E9C-5FA5-42E6-A788-CB54DE989D51}.Debug|Any CPU.Build.0 = Debug|Any CPU
		{4F2C3E9C-5FA5-42E6-A788-CB54DE989D51}.Release|Any CPU.ActiveCfg = Release|Any CPU
		{4F2C3E9C-5FA5-42E6-A788-CB54DE989D51}.Release|Any CPU.Build.0 = Release|Any CPU
	EndGlobalSection
	GlobalSection(SolutionProperties) = preSolution
		HideSolutionNode = FALSE
	EndGlobalSection
	GlobalSection(ExtensibilityGlobals) = postSolution
		SolutionGuid = {C54CE34D-130E-48CB-890E-E5AD32E928CC}
	EndGlobalSection
EndGlobal
